
Microsoft Visual Studio Solution File, Format Version 12.00
# Visual Studio Version 16
VisualStudioVersion = 16.0.30711.63
MinimumVisualStudioVersion = 10.0.40219.1
Project("{9A19103F-16F7-4668-BE54-9A1E7A4F7556}") = "HRPServer", "HRPServer\HRPServer.csproj", "{643173D4-EB6B-4BB9-A6A5-D8FA72FDEEC8}"
EndProject
Project("{9A19103F-16F7-4668-BE54-9A1E7A4F7556}") = "HRPData", "HRPData\HRPData.csproj", "{380D21F6-0C67-4A19-B9AD-9D153BA71F8F}"
EndProject
Project("{9A19103F-16F7-4668-BE54-9A1E7A4F7556}") = "OdataToEntity", "OdataToEntity\OdataToEntity.csproj", "{36C4973F-23C5-44C3-8C63-4E7737024949}"
EndProject
Project("{9A19103F-16F7-4668-BE54-9A1E7A4F7556}") = "OdataToEntity.EfCore", "OdataToEntity.EfCore\OdataToEntity.EfCore.csproj", "{A6750B7A-CAD4-4D30-A8FF-ACAB061B5B18}"
EndProject
Project("{FAE04EC0-301F-11D3-BF4B-00C04F79EFBC}") = "HRP.UWP", "HRP\HRP.UWP\HRP.UWP.csproj", "{5ACE1B8A-F8A0-4695-9F98-A1DA5107B06F}"
EndProject
Project("{FAE04EC0-301F-11D3-BF4B-00C04F79EFBC}") = "HRP.Android", "HRP\HRP.Android\HRP.Android.csproj", "{EF198034-B254-46D4-9835-8045593C1B4E}"
EndProject
Project("{9A19103F-16F7-4668-BE54-9A1E7A4F7556}") = "HRP", "HRP\HRP\HRP.csproj", "{F27A5D90-B97F-4ADC-AA6E-B0AFF801FF66}"
EndProject
Global
	GlobalSection(SolutionConfigurationPlatforms) = preSolution
		Debug|Any CPU = Debug|Any CPU
		Debug|ARM = Debug|ARM
		Debug|iPhone = Debug|iPhone
		Debug|iPhoneSimulator = Debug|iPhoneSimulator
		Debug|x64 = Debug|x64
		Debug|x86 = Debug|x86
		Release|Any CPU = Release|Any CPU
		Release|ARM = Release|ARM
		Release|iPhone = Release|iPhone
		Release|iPhoneSimulator = Release|iPhoneSimulator
		Release|x64 = Release|x64
		Release|x86 = Release|x86
	EndGlobalSection
	GlobalSection(ProjectConfigurationPlatforms) = postSolution
		{643173D4-EB6B-4BB9-A6A5-D8FA72FDEEC8}.Debug|Any CPU.ActiveCfg = Debug|Any CPU
		{643173D4-EB6B-4BB9-A6A5-D8FA72FDEEC8}.Debug|Any CPU.Build.0 = Debug|Any CPU
		{643173D4-EB6B-4BB9-A6A5-D8FA72FDEEC8}.Debug|ARM.ActiveCfg = Debug|Any CPU
		{643173D4-EB6B-4BB9-A6A5-D8FA72FDEEC8}.Debug|ARM.Build.0 = Debug|Any CPU
		{643173D4-EB6B-4BB9-A6A5-D8FA72FDEEC8}.Debug|iPhone.ActiveCfg = Debug|Any CPU
		{643173D4-EB6B-4BB9-A6A5-D8FA72FDEEC8}.Debug|iPhone.Build.0 = Debug|Any CPU
		{643173D4-EB6B-4BB9-A6A5-D8FA72FDEEC8}.Debug|iPhoneSimulator.ActiveCfg = Debug|Any CPU
		{643173D4-EB6B-4BB9-A6A5-D8FA72FDEEC8}.Debug|iPhoneSimulator.Build.0 = Debug|Any CPU
		{643173D4-EB6B-4BB9-A6A5-D8FA72FDEEC8}.Debug|x64.ActiveCfg = Debug|Any CPU
		{643173D4-EB6B-4BB9-A6A5-D8FA72FDEEC8}.Debug|x64.Build.0 = Debug|Any CPU
		{643173D4-EB6B-4BB9-A6A5-D8FA72FDEEC8}.Debug|x86.ActiveCfg = Debug|Any CPU
		{643173D4-EB6B-4BB9-A6A5-D8FA72FDEEC8}.Debug|x86.Build.0 = Debug|Any CPU
		{643173D4-EB6B-4BB9-A6A5-D8FA72FDEEC8}.Release|Any CPU.ActiveCfg = Release|Any CPU
		{643173D4-EB6B-4BB9-A6A5-D8FA72FDEEC8}.Release|Any CPU.Build.0 = Release|Any CPU
		{643173D4-EB6B-4BB9-A6A5-D8FA72FDEEC8}.Release|ARM.ActiveCfg = Release|Any CPU
		{643173D4-EB6B-4BB9-A6A5-D8FA72FDEEC8}.Release|ARM.Build.0 = Release|Any CPU
		{643173D4-EB6B-4BB9-A6A5-D8FA72FDEEC8}.Release|iPhone.ActiveCfg = Release|Any CPU
		{643173D4-EB6B-4BB9-A6A5-D8FA72FDEEC8}.Release|iPhone.Build.0 = Release|Any CPU
		{643173D4-EB6B-4BB9-A6A5-D8FA72FDEEC8}.Release|iPhoneSimulator.ActiveCfg = Release|Any CPU
		{643173D4-EB6B-4BB9-A6A5-D8FA72FDEEC8}.Release|iPhoneSimulator.Build.0 = Release|Any CPU
		{643173D4-EB6B-4BB9-A6A5-D8FA72FDEEC8}.Release|x64.ActiveCfg = Release|Any CPU
		{643173D4-EB6B-4BB9-A6A5-D8FA72FDEEC8}.Release|x64.Build.0 = Release|Any CPU
		{643173D4-EB6B-4BB9-A6A5-D8FA72FDEEC8}.Release|x86.ActiveCfg = Release|Any CPU
		{643173D4-EB6B-4BB9-A6A5-D8FA72FDEEC8}.Release|x86.Build.0 = Release|Any CPU
		{380D21F6-0C67-4A19-B9AD-9D153BA71F8F}.Debug|Any CPU.ActiveCfg = Debug|Any CPU
		{380D21F6-0C67-4A19-B9AD-9D153BA71F8F}.Debug|Any CPU.Build.0 = Debug|Any CPU
		{380D21F6-0C67-4A19-B9AD-9D153BA71F8F}.Debug|ARM.ActiveCfg = Debug|Any CPU
		{380D21F6-0C67-4A19-B9AD-9D153BA71F8F}.Debug|ARM.Build.0 = Debug|Any CPU
		{380D21F6-0C67-4A19-B9AD-9D153BA71F8F}.Debug|iPhone.ActiveCfg = Debug|Any CPU
		{380D21F6-0C67-4A19-B9AD-9D153BA71F8F}.Debug|iPhone.Build.0 = Debug|Any CPU
		{380D21F6-0C67-4A19-B9AD-9D153BA71F8F}.Debug|iPhoneSimulator.ActiveCfg = Debug|Any CPU
		{380D21F6-0C67-4A19-B9AD-9D153BA71F8F}.Debug|iPhoneSimulator.Build.0 = Debug|Any CPU
		{380D21F6-0C67-4A19-B9AD-9D153BA71F8F}.Debug|x64.ActiveCfg = Debug|Any CPU
		{380D21F6-0C67-4A19-B9AD-9D153BA71F8F}.Debug|x64.Build.0 = Debug|Any CPU
		{380D21F6-0C67-4A19-B9AD-9D153BA71F8F}.Debug|x86.ActiveCfg = Debug|Any CPU
		{380D21F6-0C67-4A19-B9AD-9D153BA71F8F}.Debug|x86.Build.0 = Debug|Any CPU
		{380D21F6-0C67-4A19-B9AD-9D153BA71F8F}.Release|Any CPU.ActiveCfg = Release|Any CPU
		{380D21F6-0C67-4A19-B9AD-9D153BA71F8F}.Release|Any CPU.Build.0 = Release|Any CPU
		{380D21F6-0C67-4A19-B9AD-9D153BA71F8F}.Release|ARM.ActiveCfg = Release|Any CPU
		{380D21F6-0C67-4A19-B9AD-9D153BA71F8F}.Release|ARM.Build.0 = Release|Any CPU
		{380D21F6-0C67-4A19-B9AD-9D153BA71F8F}.Release|iPhone.ActiveCfg = Release|Any CPU
		{380D21F6-0C67-4A19-B9AD-9D153BA71F8F}.Release|iPhone.Build.0 = Release|Any CPU
		{380D21F6-0C67-4A19-B9AD-9D153BA71F8F}.Release|iPhoneSimulator.ActiveCfg = Release|Any CPU
		{380D21F6-0C67-4A19-B9AD-9D153BA71F8F}.Release|iPhoneSimulator.Build.0 = Release|Any CPU
		{380D21F6-0C67-4A19-B9AD-9D153BA71F8F}.Release|x64.ActiveCfg = Release|Any CPU
		{380D21F6-0C67-4A19-B9AD-9D153BA71F8F}.Release|x64.Build.0 = Release|Any CPU
		{380D21F6-0C67-4A19-B9AD-9D153BA71F8F}.Release|x86.ActiveCfg = Release|Any CPU
		{380D21F6-0C67-4A19-B9AD-9D153BA71F8F}.Release|x86.Build.0 = Release|Any CPU
		{36C4973F-23C5-44C3-8C63-4E7737024949}.Debug|Any CPU.ActiveCfg = Debug|Any CPU
		{36C4973F-23C5-44C3-8C63-4E7737024949}.Debug|Any CPU.Build.0 = Debug|Any CPU
		{36C4973F-23C5-44C3-8C63-4E7737024949}.Debug|ARM.ActiveCfg = Debug|Any CPU
		{36C4973F-23C5-44C3-8C63-4E7737024949}.Debug|ARM.Build.0 = Debug|Any CPU
		{36C4973F-23C5-44C3-8C63-4E7737024949}.Debug|iPhone.ActiveCfg = Debug|Any CPU
		{36C4973F-23C5-44C3-8C63-4E7737024949}.Debug|iPhone.Build.0 = Debug|Any CPU
		{36C4973F-23C5-44C3-8C63-4E7737024949}.Debug|iPhoneSimulator.ActiveCfg = Debug|Any CPU
		{36C4973F-23C5-44C3-8C63-4E7737024949}.Debug|iPhoneSimulator.Build.0 = Debug|Any CPU
		{36C4973F-23C5-44C3-8C63-4E7737024949}.Debug|x64.ActiveCfg = Debug|Any CPU
		{36C4973F-23C5-44C3-8C63-4E7737024949}.Debug|x64.Build.0 = Debug|Any CPU
		{36C4973F-23C5-44C3-8C63-4E7737024949}.Debug|x86.ActiveCfg = Debug|Any CPU
		{36C4973F-23C5-44C3-8C63-4E7737024949}.Debug|x86.Build.0 = Debug|Any CPU
		{36C4973F-23C5-44C3-8C63-4E7737024949}.Release|Any CPU.ActiveCfg = Release|Any CPU
		{36C4973F-23C5-44C3-8C63-4E7737024949}.Release|Any CPU.Build.0 = Release|Any CPU
		{36C4973F-23C5-44C3-8C63-4E7737024949}.Release|ARM.ActiveCfg = Release|Any CPU
		{36C4973F-23C5-44C3-8C63-4E7737024949}.Release|ARM.Build.0 = Release|Any CPU
		{36C4973F-23C5-44C3-8C63-4E7737024949}.Release|iPhone.ActiveCfg = Release|Any CPU
		{36C4973F-23C5-44C3-8C63-4E7737024949}.Release|iPhone.Build.0 = Release|Any CPU
		{36C4973F-23C5-44C3-8C63-4E7737024949}.Release|iPhoneSimulator.ActiveCfg = Release|Any CPU
		{36C4973F-23C5-44C3-8C63-4E7737024949}.Release|iPhoneSimulator.Build.0 = Release|Any CPU
		{36C4973F-23C5-44C3-8C63-4E7737024949}.Release|x64.ActiveCfg = Release|Any CPU
		{36C4973F-23C5-44C3-8C63-4E7737024949}.Release|x64.Build.0 = Release|Any CPU
		{36C4973F-23C5-44C3-8C63-4E7737024949}.Release|x86.ActiveCfg = Release|Any CPU
		{36C4973F-23C5-44C3-8C63-4E7737024949}.Release|x86.Build.0 = Release|Any CPU
		{A6750B7A-CAD4-4D30-A8FF-ACAB061B5B18}.Debug|Any CPU.ActiveCfg = Debug|Any CPU
		{A6750B7A-CAD4-4D30-A8FF-ACAB061B5B18}.Debug|Any CPU.Build.0 = Debug|Any CPU
		{A6750B7A-CAD4-4D30-A8FF-ACAB061B5B18}.Debug|ARM.ActiveCfg = Debug|Any CPU
		{A6750B7A-CAD4-4D30-A8FF-ACAB061B5B18}.Debug|ARM.Build.0 = Debug|Any CPU
		{A6750B7A-CAD4-4D30-A8FF-ACAB061B5B18}.Debug|iPhone.ActiveCfg = Debug|Any CPU
		{A6750B7A-CAD4-4D30-A8FF-ACAB061B5B18}.Debug|iPhone.Build.0 = Debug|Any CPU
		{A6750B7A-CAD4-4D30-A8FF-ACAB061B5B18}.Debug|iPhoneSimulator.ActiveCfg = Debug|Any CPU
		{A6750B7A-CAD4-4D30-A8FF-ACAB061B5B18}.Debug|iPhoneSimulator.Build.0 = Debug|Any CPU
		{A6750B7A-CAD4-4D30-A8FF-ACAB061B5B18}.Debug|x64.ActiveCfg = Debug|Any CPU
		{A6750B7A-CAD4-4D30-A8FF-ACAB061B5B18}.Debug|x64.Build.0 = Debug|Any CPU
		{A6750B7A-CAD4-4D30-A8FF-ACAB061B5B18}.Debug|x86.ActiveCfg = Debug|Any CPU
		{A6750B7A-CAD4-4D30-A8FF-ACAB061B5B18}.Debug|x86.Build.0 = Debug|Any CPU
		{A6750B7A-CAD4-4D30-A8FF-ACAB061B5B18}.Release|Any CPU.ActiveCfg = Release|Any CPU
		{A6750B7A-CAD4-4D30-A8FF-ACAB061B5B18}.Release|Any CPU.Build.0 = Release|Any CPU
		{A6750B7A-CAD4-4D30-A8FF-ACAB061B5B18}.Release|ARM.ActiveCfg = Release|Any CPU
		{A6750B7A-CAD4-4D30-A8FF-ACAB061B5B18}.Release|ARM.Build.0 = Release|Any CPU
		{A6750B7A-CAD4-4D30-A8FF-ACAB061B5B18}.Release|iPhone.ActiveCfg = Release|Any CPU
		{A6750B7A-CAD4-4D30-A8FF-ACAB061B5B18}.Release|iPhone.Build.0 = Release|Any CPU
		{A6750B7A-CAD4-4D30-A8FF-ACAB061B5B18}.Release|iPhoneSimulator.ActiveCfg = Release|Any CPU
		{A6750B7A-CAD4-4D30-A8FF-ACAB061B5B18}.Release|iPhoneSimulator.Build.0 = Release|Any CPU
		{A6750B7A-CAD4-4D30-A8FF-ACAB061B5B18}.Release|x64.ActiveCfg = Release|Any CPU
		{A6750B7A-CAD4-4D30-A8FF-ACAB061B5B18}.Release|x64.Build.0 = Release|Any CPU
		{A6750B7A-CAD4-4D30-A8FF-ACAB061B5B18}.Release|x86.ActiveCfg = Release|Any CPU
		{A6750B7A-CAD4-4D30-A8FF-ACAB061B5B18}.Release|x86.Build.0 = Release|Any CPU
		{5ACE1B8A-F8A0-4695-9F98-A1DA5107B06F}.Debug|Any CPU.ActiveCfg = Debug|x86
		{5ACE1B8A-F8A0-4695-9F98-A1DA5107B06F}.Debug|Any CPU.Build.0 = Debug|x86
		{5ACE1B8A-F8A0-4695-9F98-A1DA5107B06F}.Debug|Any CPU.Deploy.0 = Debug|x86
		{5ACE1B8A-F8A0-4695-9F98-A1DA5107B06F}.Debug|ARM.ActiveCfg = Debug|ARM
		{5ACE1B8A-F8A0-4695-9F98-A1DA5107B06F}.Debug|ARM.Build.0 = Debug|ARM
		{5ACE1B8A-F8A0-4695-9F98-A1DA5107B06F}.Debug|ARM.Deploy.0 = Debug|ARM
		{5ACE1B8A-F8A0-4695-9F98-A1DA5107B06F}.Debug|iPhone.ActiveCfg = Debug|x86
		{5ACE1B8A-F8A0-4695-9F98-A1DA5107B06F}.Debug|iPhoneSimulator.ActiveCfg = Debug|x86
		{5ACE1B8A-F8A0-4695-9F98-A1DA5107B06F}.Debug|x64.ActiveCfg = Debug|x64
		{5ACE1B8A-F8A0-4695-9F98-A1DA5107B06F}.Debug|x64.Build.0 = Debug|x64
		{5ACE1B8A-F8A0-4695-9F98-A1DA5107B06F}.Debug|x64.Deploy.0 = Debug|x64
		{5ACE1B8A-F8A0-4695-9F98-A1DA5107B06F}.Debug|x86.ActiveCfg = Debug|x86
		{5ACE1B8A-F8A0-4695-9F98-A1DA5107B06F}.Debug|x86.Build.0 = Debug|x86
		{5ACE1B8A-F8A0-4695-9F98-A1DA5107B06F}.Debug|x86.Deploy.0 = Debug|x86
		{5ACE1B8A-F8A0-4695-9F98-A1DA5107B06F}.Release|Any CPU.ActiveCfg = Release|x86
		{5ACE1B8A-F8A0-4695-9F98-A1DA5107B06F}.Release|Any CPU.Build.0 = Release|x86
		{5ACE1B8A-F8A0-4695-9F98-A1DA5107B06F}.Release|Any CPU.Deploy.0 = Release|x86
		{5ACE1B8A-F8A0-4695-9F98-A1DA5107B06F}.Release|ARM.ActiveCfg = Release|ARM
		{5ACE1B8A-F8A0-4695-9F98-A1DA5107B06F}.Release|ARM.Build.0 = Release|ARM
		{5ACE1B8A-F8A0-4695-9F98-A1DA5107B06F}.Release|ARM.Deploy.0 = Release|ARM
		{5ACE1B8A-F8A0-4695-9F98-A1DA5107B06F}.Release|iPhone.ActiveCfg = Release|x86
		{5ACE1B8A-F8A0-4695-9F98-A1DA5107B06F}.Release|iPhoneSimulator.ActiveCfg = Release|x86
		{5ACE1B8A-F8A0-4695-9F98-A1DA5107B06F}.Release|x64.ActiveCfg = Release|x64
		{5ACE1B8A-F8A0-4695-9F98-A1DA5107B06F}.Release|x64.Build.0 = Release|x64
		{5ACE1B8A-F8A0-4695-9F98-A1DA5107B06F}.Release|x64.Deploy.0 = Release|x64
		{5ACE1B8A-F8A0-4695-9F98-A1DA5107B06F}.Release|x86.ActiveCfg = Release|x86
		{5ACE1B8A-F8A0-4695-9F98-A1DA5107B06F}.Release|x86.Build.0 = Release|x86
		{5ACE1B8A-F8A0-4695-9F98-A1DA5107B06F}.Release|x86.Deploy.0 = Release|x86
		{EF198034-B254-46D4-9835-8045593C1B4E}.Debug|Any CPU.ActiveCfg = Debug|Any CPU
		{EF198034-B254-46D4-9835-8045593C1B4E}.Debug|Any CPU.Build.0 = Debug|Any CPU
		{EF198034-B254-46D4-9835-8045593C1B4E}.Debug|Any CPU.Deploy.0 = Debug|Any CPU
		{EF198034-B254-46D4-9835-8045593C1B4E}.Debug|ARM.ActiveCfg = Debug|Any CPU
		{EF198034-B254-46D4-9835-8045593C1B4E}.Debug|ARM.Build.0 = Debug|Any CPU
		{EF198034-B254-46D4-9835-8045593C1B4E}.Debug|ARM.Deploy.0 = Debug|Any CPU
		{EF198034-B254-46D4-9835-8045593C1B4E}.Debug|iPhone.ActiveCfg = Debug|Any CPU
		{EF198034-B254-46D4-9835-8045593C1B4E}.Debug|iPhone.Build.0 = Debug|Any CPU
		{EF198034-B254-46D4-9835-8045593C1B4E}.Debug|iPhone.Deploy.0 = Debug|Any CPU
		{EF198034-B254-46D4-9835-8045593C1B4E}.Debug|iPhoneSimulator.ActiveCfg = Debug|Any CPU
		{EF198034-B254-46D4-9835-8045593C1B4E}.Debug|iPhoneSimulator.Build.0 = Debug|Any CPU
		{EF198034-B254-46D4-9835-8045593C1B4E}.Debug|iPhoneSimulator.Deploy.0 = Debug|Any CPU
		{EF198034-B254-46D4-9835-8045593C1B4E}.Debug|x64.ActiveCfg = Debug|Any CPU
		{EF198034-B254-46D4-9835-8045593C1B4E}.Debug|x64.Build.0 = Debug|Any CPU
		{EF198034-B254-46D4-9835-8045593C1B4E}.Debug|x64.Deploy.0 = Debug|Any CPU
		{EF198034-B254-46D4-9835-8045593C1B4E}.Debug|x86.ActiveCfg = Debug|Any CPU
		{EF198034-B254-46D4-9835-8045593C1B4E}.Debug|x86.Build.0 = Debug|Any CPU
		{EF198034-B254-46D4-9835-8045593C1B4E}.Debug|x86.Deploy.0 = Debug|Any CPU
		{EF198034-B254-46D4-9835-8045593C1B4E}.Release|Any CPU.ActiveCfg = Release|Any CPU
		{EF198034-B254-46D4-9835-8045593C1B4E}.Release|Any CPU.Build.0 = Release|Any CPU
		{EF198034-B254-46D4-9835-8045593C1B4E}.Release|Any CPU.Deploy.0 = Release|Any CPU
		{EF198034-B254-46D4-9835-8045593C1B4E}.Release|ARM.ActiveCfg = Release|Any CPU
		{EF198034-B254-46D4-9835-8045593C1B4E}.Release|ARM.Build.0 = Release|Any CPU
		{EF198034-B254-46D4-9835-8045593C1B4E}.Release|ARM.Deploy.0 = Release|Any CPU
		{EF198034-B254-46D4-9835-8045593C1B4E}.Release|iPhone.ActiveCfg = Release|Any CPU
		{EF198034-B254-46D4-9835-8045593C1B4E}.Release|iPhone.Build.0 = Release|Any CPU
		{EF198034-B254-46D4-9835-8045593C1B4E}.Release|iPhone.Deploy.0 = Release|Any CPU
		{EF198034-B254-46D4-9835-8045593C1B4E}.Release|iPhoneSimulator.ActiveCfg = Release|Any CPU
		{EF198034-B254-46D4-9835-8045593C1B4E}.Release|iPhoneSimulator.Build.0 = Release|Any CPU
		{EF198034-B254-46D4-9835-8045593C1B4E}.Release|iPhoneSimulator.Deploy.0 = Release|Any CPU
		{EF198034-B254-46D4-9835-8045593C1B4E}.Release|x64.ActiveCfg = Release|Any CPU
		{EF198034-B254-46D4-9835-8045593C1B4E}.Release|x64.Build.0 = Release|Any CPU
		{EF198034-B254-46D4-9835-8045593C1B4E}.Release|x64.Deploy.0 = Release|Any CPU
		{EF198034-B254-46D4-9835-8045593C1B4E}.Release|x86.ActiveCfg = Release|Any CPU
		{EF198034-B254-46D4-9835-8045593C1B4E}.Release|x86.Build.0 = Release|Any CPU
		{EF198034-B254-46D4-9835-8045593C1B4E}.Release|x86.Deploy.0 = Release|Any CPU
		{F27A5D90-B97F-4ADC-AA6E-B0AFF801FF66}.Debug|Any CPU.ActiveCfg = Debug|Any CPU
		{F27A5D90-B97F-4ADC-AA6E-B0AFF801FF66}.Debug|Any CPU.Build.0 = Debug|Any CPU
		{F27A5D90-B97F-4ADC-AA6E-B0AFF801FF66}.Debug|ARM.ActiveCfg = Debug|Any CPU
		{F27A5D90-B97F-4ADC-AA6E-B0AFF801FF66}.Debug|ARM.Build.0 = Debug|Any CPU
		{F27A5D90-B97F-4ADC-AA6E-B0AFF801FF66}.Debug|iPhone.ActiveCfg = Debug|Any CPU
		{F27A5D90-B97F-4ADC-AA6E-B0AFF801FF66}.Debug|iPhone.Build.0 = Debug|Any CPU
		{F27A5D90-B97F-4ADC-AA6E-B0AFF801FF66}.Debug|iPhoneSimulator.ActiveCfg = Debug|Any CPU
		{F27A5D90-B97F-4ADC-AA6E-B0AFF801FF66}.Debug|iPhoneSimulator.Build.0 = Debug|Any CPU
		{F27A5D90-B97F-4ADC-AA6E-B0AFF801FF66}.Debug|x64.ActiveCfg = Debug|Any CPU
		{F27A5D90-B97F-4ADC-AA6E-B0AFF801FF66}.Debug|x64.Build.0 = Debug|Any CPU
		{F27A5D90-B97F-4ADC-AA6E-B0AFF801FF66}.Debug|x86.ActiveCfg = Debug|Any CPU
		{F27A5D90-B97F-4ADC-AA6E-B0AFF801FF66}.Debug|x86.Build.0 = Debug|Any CPU
		{F27A5D90-B97F-4ADC-AA6E-B0AFF801FF66}.Release|Any CPU.ActiveCfg = Release|Any CPU
		{F27A5D90-B97F-4ADC-AA6E-B0AFF801FF66}.Release|Any CPU.Build.0 = Release|Any CPU
		{F27A5D90-B97F-4ADC-AA6E-B0AFF801FF66}.Release|ARM.ActiveCfg = Release|Any CPU
		{F27A5D90-B97F-4ADC-AA6E-B0AFF801FF66}.Release|ARM.Build.0 = Release|Any CPU
		{F27A5D90-B97F-4ADC-AA6E-B0AFF801FF66}.Release|iPhone.ActiveCfg = Release|Any CPU
		{F27A5D90-B97F-4ADC-AA6E-B0AFF801FF66}.Release|iPhone.Build.0 = Release|Any CPU
		{F27A5D90-B97F-4ADC-AA6E-B0AFF801FF66}.Release|iPhoneSimulator.ActiveCfg = Release|Any CPU
		{F27A5D90-B97F-4ADC-AA6E-B0AFF801FF66}.Release|iPhoneSimulator.Build.0 = Release|Any CPU
		{F27A5D90-B97F-4ADC-AA6E-B0AFF801FF66}.Release|x64.ActiveCfg = Release|Any CPU
		{F27A5D90-B97F-4ADC-AA6E-B0AFF801FF66}.Release|x64.Build.0 = Release|Any CPU
		{F27A5D90-B97F-4ADC-AA6E-B0AFF801FF66}.Release|x86.ActiveCfg = Release|Any CPU
		{F27A5D90-B97F-4ADC-AA6E-B0AFF801FF66}.Release|x86.Build.0 = Release|Any CPU
	EndGlobalSection
	GlobalSection(SolutionProperties) = preSolution
		HideSolutionNode = FALSE
	EndGlobalSection
	GlobalSection(ExtensibilityGlobals) = postSolution
		SolutionGuid = {061A03DC-FB71-4755-9BD9-9AB9F1125EAC}
	EndGlobalSection
EndGlobal
